
Microsoft Visual Studio Solution File, Format Version 12.00
# Visual Studio Version 17
VisualStudioVersion = 17.6.33829.357
MinimumVisualStudioVersion = 10.0.40219.1
Project("{FAE04EC0-301F-11D3-BF4B-00C04F79EFBC}") = "Implicitly Typed Arrays", "Implicitly Typed Arrays\Implicitly Typed Arrays.csproj", "{EF978776-DC51-453F-8D1D-C63016BDEB04}"
EndProject
Global
	GlobalSection(SolutionConfigurationPlatforms) = preSolution
		Debug|Any CPU = Debug|Any CPU
		Release|Any CPU = Release|Any CPU
	EndGlobalSection
	GlobalSection(ProjectConfigurationPlatforms) = postSolution
		{EF978776-DC51-453F-8D1D-C63016BDEB04}.Debug|Any CPU.ActiveCfg = Debug|Any CPU
		{EF978776-DC51-453F-8D1D-C63016BDEB04}.Debug|Any CPU.Build.0 = Debug|Any CPU
		{EF978776-DC51-453F-8D1D-C63016BDEB04}.Release|Any CPU.ActiveCfg = Release|Any CPU
		{EF978776-DC51-453F-8D1D-C63016BDEB04}.Release|Any CPU.Build.0 = Release|Any CPU
	EndGlobalSection
	GlobalSection(SolutionProperties) = preSolution
		HideSolutionNode = FALSE
	EndGlobalSection
	GlobalSection(ExtensibilityGlobals) = postSolution
		SolutionGuid = {52C56A12-F16B-41EE-A907-E23893FA1F04}
	EndGlobalSection
EndGlobal
